
Microsoft Visual Studio Solution File, Format Version 12.00
# Visual Studio Version 17
VisualStudioVersion = 17.13.35806.99
MinimumVisualStudioVersion = 10.0.40219.1
Project("{FAE04EC0-301F-11D3-BF4B-00C04F79EFBC}") = "MicroSoftContract", "MicroSoftContract\MicroSoftContract.csproj", "{67DA126F-54A5-4C82-8D8D-66C84C436BD2}"
EndProject
Project("{FAE04EC0-301F-11D3-BF4B-00C04F79EFBC}") = "MicroSoftTests", "MicroSoftTests\MicroSoftTests.csproj", "{26DA88F5-6C90-465A-B4F2-F8AFCFA12435}"
EndProject
Global
	GlobalSection(SolutionConfigurationPlatforms) = preSolution
		Debug|Any CPU = Debug|Any CPU
		Release|Any CPU = Release|Any CPU
	EndGlobalSection
	GlobalSection(ProjectConfigurationPlatforms) = postSolution
		{67DA126F-54A5-4C82-8D8D-66C84C436BD2}.Debug|Any CPU.ActiveCfg = Debug|Any CPU
		{67DA126F-54A5-4C82-8D8D-66C84C436BD2}.Debug|Any CPU.Build.0 = Debug|Any CPU
		{67DA126F-54A5-4C82-8D8D-66C84C436BD2}.Release|Any CPU.ActiveCfg = Release|Any CPU
		{67DA126F-54A5-4C82-8D8D-66C84C436BD2}.Release|Any CPU.Build.0 = Release|Any CPU
		{26DA88F5-6C90-465A-B4F2-F8AFCFA12435}.Debug|Any CPU.ActiveCfg = Debug|Any CPU
		{26DA88F5-6C90-465A-B4F2-F8AFCFA12435}.Debug|Any CPU.Build.0 = Debug|Any CPU
		{26DA88F5-6C90-465A-B4F2-F8AFCFA12435}.Release|Any CPU.ActiveCfg = Release|Any CPU
		{26DA88F5-6C90-465A-B4F2-F8AFCFA12435}.Release|Any CPU.Build.0 = Release|Any CPU
	EndGlobalSection
	GlobalSection(SolutionProperties) = preSolution
		HideSolutionNode = FALSE
	EndGlobalSection
	GlobalSection(ExtensibilityGlobals) = postSolution
		SolutionGuid = {78DDC908-A8A3-47C9-9EDB-BAACE407A712}
	EndGlobalSection
EndGlobal
